
Microsoft Visual Studio Solution File, Format Version 12.00
# Visual Studio Version 17
VisualStudioVersion = 17.6.33815.320
MinimumVisualStudioVersion = 10.0.40219.1
Project("{FAE04EC0-301F-11D3-BF4B-00C04F79EFBC}") = "AppDomainDynamicUnload", "AppDomainDynamicUnload\AppDomainDynamicUnload.csproj", "{5BC6154A-B137-40DD-969D-EC53A938650A}"
EndProject
Project("{FAE04EC0-301F-11D3-BF4B-00C04F79EFBC}") = "SampleLibrary", "SampleLibrary\SampleLibrary.csproj", "{626CFF09-70E7-41CC-B67E-3CCC301479E4}"
EndProject
Project("{FAE04EC0-301F-11D3-BF4B-00C04F79EFBC}") = "UsingAppDomains", "UsingAppDomains\UsingAppDomains.csproj", "{AB09F5E9-6DCB-4429-B5A3-D24E9AB4F004}"
EndProject
Project("{FAE04EC0-301F-11D3-BF4B-00C04F79EFBC}") = "TextWindow", "TextWindow\TextWindow.csproj", "{3D59D749-B093-417F-B057-ED804DD43130}"
EndProject
Project("{FAE04EC0-301F-11D3-BF4B-00C04F79EFBC}") = "TextDrawer", "TextDrawer\TextDrawer.csproj", "{9B1A1134-4FB4-443B-8623-04FBB0122C11}"
EndProject
Global
	GlobalSection(SolutionConfigurationPlatforms) = preSolution
		Debug|Any CPU = Debug|Any CPU
		Release|Any CPU = Release|Any CPU
	EndGlobalSection
	GlobalSection(ProjectConfigurationPlatforms) = postSolution
		{5BC6154A-B137-40DD-969D-EC53A938650A}.Debug|Any CPU.ActiveCfg = Debug|Any CPU
		{5BC6154A-B137-40DD-969D-EC53A938650A}.Debug|Any CPU.Build.0 = Debug|Any CPU
		{5BC6154A-B137-40DD-969D-EC53A938650A}.Release|Any CPU.ActiveCfg = Release|Any CPU
		{5BC6154A-B137-40DD-969D-EC53A938650A}.Release|Any CPU.Build.0 = Release|Any CPU
		{626CFF09-70E7-41CC-B67E-3CCC301479E4}.Debug|Any CPU.ActiveCfg = Debug|Any CPU
		{626CFF09-70E7-41CC-B67E-3CCC301479E4}.Debug|Any CPU.Build.0 = Debug|Any CPU
		{626CFF09-70E7-41CC-B67E-3CCC301479E4}.Release|Any CPU.ActiveCfg = Release|Any CPU
		{626CFF09-70E7-41CC-B67E-3CCC301479E4}.Release|Any CPU.Build.0 = Release|Any CPU
		{AB09F5E9-6DCB-4429-B5A3-D24E9AB4F004}.Debug|Any CPU.ActiveCfg = Debug|Any CPU
		{AB09F5E9-6DCB-4429-B5A3-D24E9AB4F004}.Debug|Any CPU.Build.0 = Debug|Any CPU
		{AB09F5E9-6DCB-4429-B5A3-D24E9AB4F004}.Release|Any CPU.ActiveCfg = Release|Any CPU
		{AB09F5E9-6DCB-4429-B5A3-D24E9AB4F004}.Release|Any CPU.Build.0 = Release|Any CPU
		{3D59D749-B093-417F-B057-ED804DD43130}.Debug|Any CPU.ActiveCfg = Debug|Any CPU
		{3D59D749-B093-417F-B057-ED804DD43130}.Debug|Any CPU.Build.0 = Debug|Any CPU
		{3D59D749-B093-417F-B057-ED804DD43130}.Release|Any CPU.ActiveCfg = Release|Any CPU
		{3D59D749-B093-417F-B057-ED804DD43130}.Release|Any CPU.Build.0 = Release|Any CPU
		{9B1A1134-4FB4-443B-8623-04FBB0122C11}.Debug|Any CPU.ActiveCfg = Debug|Any CPU
		{9B1A1134-4FB4-443B-8623-04FBB0122C11}.Debug|Any CPU.Build.0 = Debug|Any CPU
		{9B1A1134-4FB4-443B-8623-04FBB0122C11}.Release|Any CPU.ActiveCfg = Release|Any CPU
		{9B1A1134-4FB4-443B-8623-04FBB0122C11}.Release|Any CPU.Build.0 = Release|Any CPU
	EndGlobalSection
	GlobalSection(SolutionProperties) = preSolution
		HideSolutionNode = FALSE
	EndGlobalSection
	GlobalSection(ExtensibilityGlobals) = postSolution
		SolutionGuid = {6160383D-A111-4326-BA66-637EA75B76B5}
	EndGlobalSection
EndGlobal
